
Microsoft Visual Studio Solution File, Format Version 12.00
# Visual Studio Version 17
VisualStudioVersion = 17.13.35931.197 d17.13
MinimumVisualStudioVersion = 10.0.40219.1
Project("{FAE04EC0-301F-11D3-BF4B-00C04F79EFBC}") = "19_TratamentoExcecao", "19_TratamentoExcecao.csproj", "{486E5DBA-90CE-42D4-9967-9B3595F4786E}"
EndProject
Global
	GlobalSection(SolutionConfigurationPlatforms) = preSolution
		Debug|Any CPU = Debug|Any CPU
		Release|Any CPU = Release|Any CPU
	EndGlobalSection
	GlobalSection(ProjectConfigurationPlatforms) = postSolution
		{486E5DBA-90CE-42D4-9967-9B3595F4786E}.Debug|Any CPU.ActiveCfg = Debug|Any CPU
		{486E5DBA-90CE-42D4-9967-9B3595F4786E}.Debug|Any CPU.Build.0 = Debug|Any CPU
		{486E5DBA-90CE-42D4-9967-9B3595F4786E}.Release|Any CPU.ActiveCfg = Release|Any CPU
		{486E5DBA-90CE-42D4-9967-9B3595F4786E}.Release|Any CPU.Build.0 = Release|Any CPU
	EndGlobalSection
	GlobalSection(SolutionProperties) = preSolution
		HideSolutionNode = FALSE
	EndGlobalSection
	GlobalSection(ExtensibilityGlobals) = postSolution
		SolutionGuid = {DCB1B190-6F25-4062-A86B-F6A4A78685C0}
	EndGlobalSection
EndGlobal
