
Microsoft Visual Studio Solution File, Format Version 12.00
# Visual Studio Version 17
VisualStudioVersion = 17.13.35931.197 d17.13
MinimumVisualStudioVersion = 10.0.40219.1
Project("{FAE04EC0-301F-11D3-BF4B-00C04F79EFBC}") = "17_Calendario", "17_Calendario.csproj", "{DE397915-710A-40D6-AB59-0258E929860B}"
EndProject
Global
	GlobalSection(SolutionConfigurationPlatforms) = preSolution
		Debug|Any CPU = Debug|Any CPU
		Release|Any CPU = Release|Any CPU
	EndGlobalSection
	GlobalSection(ProjectConfigurationPlatforms) = postSolution
		{DE397915-710A-40D6-AB59-0258E929860B}.Debug|Any CPU.ActiveCfg = Debug|Any CPU
		{DE397915-710A-40D6-AB59-0258E929860B}.Debug|Any CPU.Build.0 = Debug|Any CPU
		{DE397915-710A-40D6-AB59-0258E929860B}.Release|Any CPU.ActiveCfg = Release|Any CPU
		{DE397915-710A-40D6-AB59-0258E929860B}.Release|Any CPU.Build.0 = Release|Any CPU
	EndGlobalSection
	GlobalSection(SolutionProperties) = preSolution
		HideSolutionNode = FALSE
	EndGlobalSection
	GlobalSection(ExtensibilityGlobals) = postSolution
		SolutionGuid = {075A9B06-2949-4CB7-A884-87AC5A6EFAEC}
	EndGlobalSection
EndGlobal
