
Microsoft Visual Studio Solution File, Format Version 12.00
# Visual Studio Version 17
VisualStudioVersion = 17.13.35931.197 d17.13
MinimumVisualStudioVersion = 10.0.40219.1
Project("{FAE04EC0-301F-11D3-BF4B-00C04F79EFBC}") = "TesteComboBox", "TesteComboBox.csproj", "{AE9E97A1-0D86-448C-AA01-F258ABE9F3FF}"
EndProject
Global
	GlobalSection(SolutionConfigurationPlatforms) = preSolution
		Debug|Any CPU = Debug|Any CPU
		Release|Any CPU = Release|Any CPU
	EndGlobalSection
	GlobalSection(ProjectConfigurationPlatforms) = postSolution
		{AE9E97A1-0D86-448C-AA01-F258ABE9F3FF}.Debug|Any CPU.ActiveCfg = Debug|Any CPU
		{AE9E97A1-0D86-448C-AA01-F258ABE9F3FF}.Debug|Any CPU.Build.0 = Debug|Any CPU
		{AE9E97A1-0D86-448C-AA01-F258ABE9F3FF}.Release|Any CPU.ActiveCfg = Release|Any CPU
		{AE9E97A1-0D86-448C-AA01-F258ABE9F3FF}.Release|Any CPU.Build.0 = Release|Any CPU
	EndGlobalSection
	GlobalSection(SolutionProperties) = preSolution
		HideSolutionNode = FALSE
	EndGlobalSection
	GlobalSection(ExtensibilityGlobals) = postSolution
		SolutionGuid = {7A137D63-3EFD-40CB-BF80-29F5743EDC75}
	EndGlobalSection
EndGlobal
