
Microsoft Visual Studio Solution File, Format Version 12.00
# Visual Studio Version 17
VisualStudioVersion = 17.13.35931.197 d17.13
MinimumVisualStudioVersion = 10.0.40219.1
Project("{FAE04EC0-301F-11D3-BF4B-00C04F79EFBC}") = "13_ColecaoPilha", "13_ColecaoPilha.csproj", "{D33886D6-134E-4688-80F7-2CE29EC2BAC9}"
EndProject
Global
	GlobalSection(SolutionConfigurationPlatforms) = preSolution
		Debug|Any CPU = Debug|Any CPU
		Release|Any CPU = Release|Any CPU
	EndGlobalSection
	GlobalSection(ProjectConfigurationPlatforms) = postSolution
		{D33886D6-134E-4688-80F7-2CE29EC2BAC9}.Debug|Any CPU.ActiveCfg = Debug|Any CPU
		{D33886D6-134E-4688-80F7-2CE29EC2BAC9}.Debug|Any CPU.Build.0 = Debug|Any CPU
		{D33886D6-134E-4688-80F7-2CE29EC2BAC9}.Release|Any CPU.ActiveCfg = Release|Any CPU
		{D33886D6-134E-4688-80F7-2CE29EC2BAC9}.Release|Any CPU.Build.0 = Release|Any CPU
	EndGlobalSection
	GlobalSection(SolutionProperties) = preSolution
		HideSolutionNode = FALSE
	EndGlobalSection
	GlobalSection(ExtensibilityGlobals) = postSolution
		SolutionGuid = {35EC5168-E442-4309-AAFA-1595166A01E4}
	EndGlobalSection
EndGlobal
