
Microsoft Visual Studio Solution File, Format Version 12.00
# Visual Studio Version 17
VisualStudioVersion = 17.13.35931.197 d17.13
MinimumVisualStudioVersion = 10.0.40219.1
Project("{FAE04EC0-301F-11D3-BF4B-00C04F79EFBC}") = "22_DivisaoComExcecao", "22_DivisaoComExcecao.csproj", "{779F9113-2FD8-4D33-B898-E553D473B54D}"
EndProject
Global
	GlobalSection(SolutionConfigurationPlatforms) = preSolution
		Debug|Any CPU = Debug|Any CPU
		Release|Any CPU = Release|Any CPU
	EndGlobalSection
	GlobalSection(ProjectConfigurationPlatforms) = postSolution
		{779F9113-2FD8-4D33-B898-E553D473B54D}.Debug|Any CPU.ActiveCfg = Debug|Any CPU
		{779F9113-2FD8-4D33-B898-E553D473B54D}.Debug|Any CPU.Build.0 = Debug|Any CPU
		{779F9113-2FD8-4D33-B898-E553D473B54D}.Release|Any CPU.ActiveCfg = Release|Any CPU
		{779F9113-2FD8-4D33-B898-E553D473B54D}.Release|Any CPU.Build.0 = Release|Any CPU
	EndGlobalSection
	GlobalSection(SolutionProperties) = preSolution
		HideSolutionNode = FALSE
	EndGlobalSection
	GlobalSection(ExtensibilityGlobals) = postSolution
		SolutionGuid = {E33A1304-4ACD-45FA-B712-58CFEF41F759}
	EndGlobalSection
EndGlobal
